// !$*UTF8*$!
{
	archiveVersion = 1;
	classes = {
	};
	objectVersion = 50;
	objects = {

/* Begin PBXBuildFile section */
		59ECED64EE2FBB1F2DEB8449 /* Pods_test_testUITests.framework in Frameworks */ = {isa = PBXBuildFile; fileRef = 0B87D131EBFA6BD88F2F6AD3 /* Pods_test_testUITests.framework */; };
		66B6CE88284A4CE685049363 /* Pods_test.framework in Frameworks */ = {isa = PBXBuildFile; fileRef = 256CB6BB2E70D6DF1159E690 /* Pods_test.framework */; };
		66E9111E4B899A06E7E368E2 /* Pods_testTests.framework in Frameworks */ = {isa = PBXBuildFile; fileRef = 6720867B7FA3090DF9D6A62E /* Pods_testTests.framework */; };
		897264A624EE807A00E32855 /* AppDelegate.swift in Sources */ = {isa = PBXBuildFile; fileRef = 897264A524EE807A00E32855 /* AppDelegate.swift */; };
		897264A824EE807A00E32855 /* SceneDelegate.swift in Sources */ = {isa = PBXBuildFile; fileRef = 897264A724EE807A00E32855 /* SceneDelegate.swift */; };
		897264AA24EE807A00E32855 /* ViewController.swift in Sources */ = {isa = PBXBuildFile; fileRef = 897264A924EE807A00E32855 /* ViewController.swift */; };
		897264AD24EE807A00E32855 /* Main.storyboard in Resources */ = {isa = PBXBuildFile; fileRef = 897264AB24EE807A00E32855 /* Main.storyboard */; };
		897264AF24EE808900E32855 /* Assets.xcassets in Resources */ = {isa = PBXBuildFile; fileRef = 897264AE24EE808900E32855 /* Assets.xcassets */; };
		897264B224EE808900E32855 /* LaunchScreen.storyboard in Resources */ = {isa = PBXBuildFile; fileRef = 897264B024EE808900E32855 /* LaunchScreen.storyboard */; };
		897264BD24EE808900E32855 /* testTests.swift in Sources */ = {isa = PBXBuildFile; fileRef = 897264BC24EE808900E32855 /* testTests.swift */; };
		897264C824EE808900E32855 /* testUITests.swift in Sources */ = {isa = PBXBuildFile; fileRef = 897264C724EE808900E32855 /* testUITests.swift */; };
/* End PBXBuildFile section */

/* Begin PBXContainerItemProxy section */
		897264B924EE808900E32855 /* PBXContainerItemProxy */ = {
			isa = PBXContainerItemProxy;
			containerPortal = 8972649A24EE807A00E32855 /* Project object */;
			proxyType = 1;
			remoteGlobalIDString = 897264A124EE807A00E32855;
			remoteInfo = test;
		};
		897264C424EE808900E32855 /* PBXContainerItemProxy */ = {
			isa = PBXContainerItemProxy;
			containerPortal = 8972649A24EE807A00E32855 /* Project object */;
			proxyType = 1;
			remoteGlobalIDString = 897264A124EE807A00E32855;
			remoteInfo = test;
		};
/* End PBXContainerItemProxy section */

/* Begin PBXFileReference section */
		0B87D131EBFA6BD88F2F6AD3 /* Pods_test_testUITests.framework */ = {isa = PBXFileReference; explicitFileType = wrapper.framework; includeInIndex = 0; path = Pods_test_testUITests.framework; sourceTree = BUILT_PRODUCTS_DIR; };
		23966E3B0ED14C0D7DC8CACC /* Pods-testTests.debug.xcconfig */ = {isa = PBXFileReference; includeInIndex = 1; lastKnownFileType = text.xcconfig; name = "Pods-testTests.debug.xcconfig"; path = "Target Support Files/Pods-testTests/Pods-testTests.debug.xcconfig"; sourceTree = "<group>"; };
		256CB6BB2E70D6DF1159E690 /* Pods_test.framework */ = {isa = PBXFileReference; explicitFileType = wrapper.framework; includeInIndex = 0; path = Pods_test.framework; sourceTree = BUILT_PRODUCTS_DIR; };
		331CB4E296B8C8D9D71C4E84 /* Pods-testTests.release.xcconfig */ = {isa = PBXFileReference; includeInIndex = 1; lastKnownFileType = text.xcconfig; name = "Pods-testTests.release.xcconfig"; path = "Target Support Files/Pods-testTests/Pods-testTests.release.xcconfig"; sourceTree = "<group>"; };
		43B60B63CC286468D64F7623 /* Pods-test-testUITests.release.xcconfig */ = {isa = PBXFileReference; includeInIndex = 1; lastKnownFileType = text.xcconfig; name = "Pods-test-testUITests.release.xcconfig"; path = "Target Support Files/Pods-test-testUITests/Pods-test-testUITests.release.xcconfig"; sourceTree = "<group>"; };
		6720867B7FA3090DF9D6A62E /* Pods_testTests.framework */ = {isa = PBXFileReference; explicitFileType = wrapper.framework; includeInIndex = 0; path = Pods_testTests.framework; sourceTree = BUILT_PRODUCTS_DIR; };
		735C603B4F7DEF419F1861FE /* Pods-test-testUITests.debug.xcconfig */ = {isa = PBXFileReference; includeInIndex = 1; lastKnownFileType = text.xcconfig; name = "Pods-test-testUITests.debug.xcconfig"; path = "Target Support Files/Pods-test-testUITests/Pods-test-testUITests.debug.xcconfig"; sourceTree = "<group>"; };
		897264A224EE807A00E32855 /* test.app */ = {isa = PBXFileReference; explicitFileType = wrapper.application; includeInIndex = 0; path = test.app; sourceTree = BUILT_PRODUCTS_DIR; };
		897264A524EE807A00E32855 /* AppDelegate.swift */ = {isa = PBXFileReference; lastKnownFileType = sourcecode.swift; path = AppDelegate.swift; sourceTree = "<group>"; };
		897264A724EE807A00E32855 /* SceneDelegate.swift */ = {isa = PBXFileReference; lastKnownFileType = sourcecode.swift; path = SceneDelegate.swift; sourceTree = "<group>"; };
		897264A924EE807A00E32855 /* ViewController.swift */ = {isa = PBXFileReference; lastKnownFileType = sourcecode.swift; path = ViewController.swift; sourceTree = "<group>"; };
		897264AC24EE807A00E32855 /* Base */ = {isa = PBXFileReference; lastKnownFileType = file.storyboard; name = Base; path = Base.lproj/Main.storyboard; sourceTree = "<group>"; };
		897264AE24EE808900E32855 /* Assets.xcassets */ = {isa = PBXFileReference; lastKnownFileType = folder.assetcatalog; path = Assets.xcassets; sourceTree = "<group>"; };
		897264B124EE808900E32855 /* Base */ = {isa = PBXFileReference; lastKnownFileType = file.storyboard; name = Base; path = Base.lproj/LaunchScreen.storyboard; sourceTree = "<group>"; };
		897264B324EE808900E32855 /* Info.plist */ = {isa = PBXFileReference; lastKnownFileType = text.plist.xml; path = Info.plist; sourceTree = "<group>"; };
		897264B824EE808900E32855 /* testTests.xctest */ = {isa = PBXFileReference; explicitFileType = wrapper.cfbundle; includeInIndex = 0; path = testTests.xctest; sourceTree = BUILT_PRODUCTS_DIR; };
		897264BC24EE808900E32855 /* testTests.swift */ = {isa = PBXFileReference; lastKnownFileType = sourcecode.swift; path = testTests.swift; sourceTree = "<group>"; };
		897264BE24EE808900E32855 /* Info.plist */ = {isa = PBXFileReference; lastKnownFileType = text.plist.xml; path = Info.plist; sourceTree = "<group>"; };
		897264C324EE808900E32855 /* testUITests.xctest */ = {isa = PBXFileReference; explicitFileType = wrapper.cfbundle; includeInIndex = 0; path = testUITests.xctest; sourceTree = BUILT_PRODUCTS_DIR; };
		897264C724EE808900E32855 /* testUITests.swift */ = {isa = PBXFileReference; lastKnownFileType = sourcecode.swift; path = testUITests.swift; sourceTree = "<group>"; };
		897264C924EE808900E32855 /* Info.plist */ = {isa = PBXFileReference; lastKnownFileType = text.plist.xml; path = Info.plist; sourceTree = "<group>"; };
		B5464BA4015CC8F60CE0C09F /* Pods-test.release.xcconfig */ = {isa = PBXFileReference; includeInIndex = 1; lastKnownFileType = text.xcconfig; name = "Pods-test.release.xcconfig"; path = "Target Support Files/Pods-test/Pods-test.release.xcconfig"; sourceTree = "<group>"; };
		C56FD1F8510DFF56623F8C4D /* Pods-test.debug.xcconfig */ = {isa = PBXFileReference; includeInIndex = 1; lastKnownFileType = text.xcconfig; name = "Pods-test.debug.xcconfig"; path = "Target Support Files/Pods-test/Pods-test.debug.xcconfig"; sourceTree = "<group>"; };
/* End PBXFileReference section */

/* Begin PBXFrameworksBuildPhase section */
		8972649F24EE807A00E32855 /* Frameworks */ = {
			isa = PBXFrameworksBuildPhase;
			buildActionMask = 2147483647;
			files = (
				66B6CE88284A4CE685049363 /* Pods_test.framework in Frameworks */,
			);
			runOnlyForDeploymentPostprocessing = 0;
		};
		897264B524EE808900E32855 /* Frameworks */ = {
			isa = PBXFrameworksBuildPhase;
			buildActionMask = 2147483647;
			files = (
				66E9111E4B899A06E7E368E2 /* Pods_testTests.framework in Frameworks */,
			);
			runOnlyForDeploymentPostprocessing = 0;
		};
		897264C024EE808900E32855 /* Frameworks */ = {
			isa = PBXFrameworksBuildPhase;
			buildActionMask = 2147483647;
			files = (
				59ECED64EE2FBB1F2DEB8449 /* Pods_test_testUITests.framework in Frameworks */,
			);
			runOnlyForDeploymentPostprocessing = 0;
		};
/* End PBXFrameworksBuildPhase section */

/* Begin PBXGroup section */
		75139C42484393C23067089C /* Pods */ = {
			isa = PBXGroup;
			children = (
				C56FD1F8510DFF56623F8C4D /* Pods-test.debug.xcconfig */,
				B5464BA4015CC8F60CE0C09F /* Pods-test.release.xcconfig */,
				735C603B4F7DEF419F1861FE /* Pods-test-testUITests.debug.xcconfig */,
				43B60B63CC286468D64F7623 /* Pods-test-testUITests.release.xcconfig */,
				23966E3B0ED14C0D7DC8CACC /* Pods-testTests.debug.xcconfig */,
				331CB4E296B8C8D9D71C4E84 /* Pods-testTests.release.xcconfig */,
			);
			name = Pods;
			path = Pods;
			sourceTree = "<group>";
		};
		8972649924EE807A00E32855 = {
			isa = PBXGroup;
			children = (
				897264A424EE807A00E32855 /* test */,
				897264BB24EE808900E32855 /* testTests */,
				897264C624EE808900E32855 /* testUITests */,
				897264A324EE807A00E32855 /* Products */,
				75139C42484393C23067089C /* Pods */,
				977D8451D45180D4106D5C5B /* Frameworks */,
			);
			sourceTree = "<group>";
		};
		897264A324EE807A00E32855 /* Products */ = {
			isa = PBXGroup;
			children = (
				897264A224EE807A00E32855 /* test.app */,
				897264B824EE808900E32855 /* testTests.xctest */,
				897264C324EE808900E32855 /* testUITests.xctest */,
			);
			name = Products;
			sourceTree = "<group>";
		};
		897264A424EE807A00E32855 /* test */ = {
			isa = PBXGroup;
			children = (
				897264A524EE807A00E32855 /* AppDelegate.swift */,
				897264A724EE807A00E32855 /* SceneDelegate.swift */,
				897264A924EE807A00E32855 /* ViewController.swift */,
				897264AB24EE807A00E32855 /* Main.storyboard */,
				897264AE24EE808900E32855 /* Assets.xcassets */,
				897264B024EE808900E32855 /* LaunchScreen.storyboard */,
				897264B324EE808900E32855 /* Info.plist */,
			);
			path = test;
			sourceTree = "<group>";
		};
		897264BB24EE808900E32855 /* testTests */ = {
			isa = PBXGroup;
			children = (
				897264BC24EE808900E32855 /* testTests.swift */,
				897264BE24EE808900E32855 /* Info.plist */,
			);
			path = testTests;
			sourceTree = "<group>";
		};
		897264C624EE808900E32855 /* testUITests */ = {
			isa = PBXGroup;
			children = (
				897264C724EE808900E32855 /* testUITests.swift */,
				897264C924EE808900E32855 /* Info.plist */,
			);
			path = testUITests;
			sourceTree = "<group>";
		};
		977D8451D45180D4106D5C5B /* Frameworks */ = {
			isa = PBXGroup;
			children = (
				256CB6BB2E70D6DF1159E690 /* Pods_test.framework */,
				0B87D131EBFA6BD88F2F6AD3 /* Pods_test_testUITests.framework */,
				6720867B7FA3090DF9D6A62E /* Pods_testTests.framework */,
			);
			name = Frameworks;
			sourceTree = "<group>";
		};
/* End PBXGroup section */

/* Begin PBXNativeTarget section */
		897264A124EE807A00E32855 /* test */ = {
			isa = PBXNativeTarget;
			buildConfigurationList = 897264CC24EE808900E32855 /* Build configuration list for PBXNativeTarget "test" */;
			buildPhases = (
				222B9D992F24717D63A968EC /* [CP] Check Pods Manifest.lock */,
				8972649E24EE807A00E32855 /* Sources */,
				8972649F24EE807A00E32855 /* Frameworks */,
				897264A024EE807A00E32855 /* Resources */,
				B5A5D9A53E51F8A345E034C5 /* [CP] Embed Pods Frameworks */,
			);
			buildRules = (
			);
			dependencies = (
			);
			name = test;
			productName = test;
			productReference = 897264A224EE807A00E32855 /* test.app */;
			productType = "com.apple.product-type.application";
		};
		897264B724EE808900E32855 /* testTests */ = {
			isa = PBXNativeTarget;
			buildConfigurationList = 897264CF24EE808900E32855 /* Build configuration list for PBXNativeTarget "testTests" */;
			buildPhases = (
				64A98E3D5DF279D28F407D4C /* [CP] Check Pods Manifest.lock */,
				897264B424EE808900E32855 /* Sources */,
				897264B524EE808900E32855 /* Frameworks */,
				897264B624EE808900E32855 /* Resources */,
			);
			buildRules = (
			);
			dependencies = (
				897264BA24EE808900E32855 /* PBXTargetDependency */,
			);
			name = testTests;
			productName = testTests;
			productReference = 897264B824EE808900E32855 /* testTests.xctest */;
			productType = "com.apple.product-type.bundle.unit-test";
		};
		897264C224EE808900E32855 /* testUITests */ = {
			isa = PBXNativeTarget;
			buildConfigurationList = 897264D224EE808900E32855 /* Build configuration list for PBXNativeTarget "testUITests" */;
			buildPhases = (
				38DD2D4C587C1830A3B70B64 /* [CP] Check Pods Manifest.lock */,
				897264BF24EE808900E32855 /* Sources */,
				897264C024EE808900E32855 /* Frameworks */,
				897264C124EE808900E32855 /* Resources */,
				58C42D70C0C6FDA8DDEBDEB2 /* [CP] Embed Pods Frameworks */,
			);
			buildRules = (
			);
			dependencies = (
				897264C524EE808900E32855 /* PBXTargetDependency */,
			);
			name = testUITests;
			productName = testUITests;
			productReference = 897264C324EE808900E32855 /* testUITests.xctest */;
			productType = "com.apple.product-type.bundle.ui-testing";
		};
/* End PBXNativeTarget section */

/* Begin PBXProject section */
		8972649A24EE807A00E32855 /* Project object */ = {
			isa = PBXProject;
			attributes = {
				LastSwiftUpdateCheck = 1150;
				LastUpgradeCheck = 1150;
				ORGANIZATIONNAME = "Zenness Evolutionary";
				TargetAttributes = {
					897264A124EE807A00E32855 = {
						CreatedOnToolsVersion = 11.5;
					};
					897264B724EE808900E32855 = {
						CreatedOnToolsVersion = 11.5;
						TestTargetID = 897264A124EE807A00E32855;
					};
					897264C224EE808900E32855 = {
						CreatedOnToolsVersion = 11.5;
						TestTargetID = 897264A124EE807A00E32855;
					};
				};
			};
			buildConfigurationList = 8972649D24EE807A00E32855 /* Build configuration list for PBXProject "test" */;
			compatibilityVersion = "Xcode 9.3";
			developmentRegion = en;
			hasScannedForEncodings = 0;
			knownRegions = (
				en,
				Base,
			);
			mainGroup = 8972649924EE807A00E32855;
			productRefGroup = 897264A324EE807A00E32855 /* Products */;
			projectDirPath = "";
			projectRoot = "";
			targets = (
				897264A124EE807A00E32855 /* test */,
				897264B724EE808900E32855 /* testTests */,
				897264C224EE808900E32855 /* testUITests */,
			);
		};
/* End PBXProject section */

/* Begin PBXResourcesBuildPhase section */
		897264A024EE807A00E32855 /* Resources */ = {
			isa = PBXResourcesBuildPhase;
			buildActionMask = 2147483647;
			files = (
				897264B224EE808900E32855 /* LaunchScreen.storyboard in Resources */,
				897264AF24EE808900E32855 /* Assets.xcassets in Resources */,
				897264AD24EE807A00E32855 /* Main.storyboard in Resources */,
			);
			runOnlyForDeploymentPostprocessing = 0;
		};
		897264B624EE808900E32855 /* Resources */ = {
			isa = PBXResourcesBuildPhase;
			buildActionMask = 2147483647;
			files = (
			);
			runOnlyForDeploymentPostprocessing = 0;
		};
		897264C124EE808900E32855 /* Resources */ = {
			isa = PBXResourcesBuildPhase;
			buildActionMask = 2147483647;
			files = (
			);
			runOnlyForDeploymentPostprocessing = 0;
		};
/* End PBXResourcesBuildPhase section */

/* Begin PBXShellScriptBuildPhase section */
		222B9D992F24717D63A968EC /* [CP] Check Pods Manifest.lock */ = {
			isa = PBXShellScriptBuildPhase;
			buildActionMask = 2147483647;
			files = (
			);
			inputFileListPaths = (
			);
			inputPaths = (
				"${PODS_PODFILE_DIR_PATH}/Podfile.lock",
				"${PODS_ROOT}/Manifest.lock",
			);
			name = "[CP] Check Pods Manifest.lock";
			outputFileListPaths = (
			);
			outputPaths = (
				"$(DERIVED_FILE_DIR)/Pods-test-checkManifestLockResult.txt",
			);
			runOnlyForDeploymentPostprocessing = 0;
			shellPath = /bin/sh;
			shellScript = "diff \"${PODS_PODFILE_DIR_PATH}/Podfile.lock\" \"${PODS_ROOT}/Manifest.lock\" > /dev/null\nif [ $? != 0 ] ; then\n    # print error to STDERR\n    echo \"error: The sandbox is not in sync with the Podfile.lock. Run 'pod install' or update your CocoaPods installation.\" >&2\n    exit 1\nfi\n# This output is used by Xcode 'outputs' to avoid re-running this script phase.\necho \"SUCCESS\" > \"${SCRIPT_OUTPUT_FILE_0}\"\n";
			showEnvVarsInLog = 0;
		};
		38DD2D4C587C1830A3B70B64 /* [CP] Check Pods Manifest.lock */ = {
			isa = PBXShellScriptBuildPhase;
			buildActionMask = 2147483647;
			files = (
			);
			inputFileListPaths = (
			);
			inputPaths = (
				"${PODS_PODFILE_DIR_PATH}/Podfile.lock",
				"${PODS_ROOT}/Manifest.lock",
			);
			name = "[CP] Check Pods Manifest.lock";
			outputFileListPaths = (
			);
			outputPaths = (
				"$(DERIVED_FILE_DIR)/Pods-test-testUITests-checkManifestLockResult.txt",
			);
			runOnlyForDeploymentPostprocessing = 0;
			shellPath = /bin/sh;
			shellScript = "diff \"${PODS_PODFILE_DIR_PATH}/Podfile.lock\" \"${PODS_ROOT}/Manifest.lock\" > /dev/null\nif [ $? != 0 ] ; then\n    # print error to STDERR\n    echo \"error: The sandbox is not in sync with the Podfile.lock. Run 'pod install' or update your CocoaPods installation.\" >&2\n    exit 1\nfi\n# This output is used by Xcode 'outputs' to avoid re-running this script phase.\necho \"SUCCESS\" > \"${SCRIPT_OUTPUT_FILE_0}\"\n";
			showEnvVarsInLog = 0;
		};
		58C42D70C0C6FDA8DDEBDEB2 /* [CP] Embed Pods Frameworks */ = {
			isa = PBXShellScriptBuildPhase;
			buildActionMask = 2147483647;
			files = (
			);
			inputFileListPaths = (
				"${PODS_ROOT}/Target Support Files/Pods-test-testUITests/Pods-test-testUITests-frameworks-${CONFIGURATION}-input-files.xcfilelist",
			);
			name = "[CP] Embed Pods Frameworks";
			outputFileListPaths = (
				"${PODS_ROOT}/Target Support Files/Pods-test-testUITests/Pods-test-testUITests-frameworks-${CONFIGURATION}-output-files.xcfilelist",
			);
			runOnlyForDeploymentPostprocessing = 0;
			shellPath = /bin/sh;
			shellScript = "\"${PODS_ROOT}/Target Support Files/Pods-test-testUITests/Pods-test-testUITests-frameworks.sh\"\n";
			showEnvVarsInLog = 0;
		};
		64A98E3D5DF279D28F407D4C /* [CP] Check Pods Manifest.lock */ = {
			isa = PBXShellScriptBuildPhase;
			buildActionMask = 2147483647;
			files = (
			);
			inputFileListPaths = (
			);
			inputPaths = (
				"${PODS_PODFILE_DIR_PATH}/Podfile.lock",
				"${PODS_ROOT}/Manifest.lock",
			);
			name = "[CP] Check Pods Manifest.lock";
			outputFileListPaths = (
			);
			outputPaths = (
				"$(DERIVED_FILE_DIR)/Pods-testTests-checkManifestLockResult.txt",
			);
			runOnlyForDeploymentPostprocessing = 0;
			shellPath = /bin/sh;
			shellScript = "diff \"${PODS_PODFILE_DIR_PATH}/Podfile.lock\" \"${PODS_ROOT}/Manifest.lock\" > /dev/null\nif [ $? != 0 ] ; then\n    # print error to STDERR\n    echo \"error: The sandbox is not in sync with the Podfile.lock. Run 'pod install' or update your CocoaPods installation.\" >&2\n    exit 1\nfi\n# This output is used by Xcode 'outputs' to avoid re-running this script phase.\necho \"SUCCESS\" > \"${SCRIPT_OUTPUT_FILE_0}\"\n";
			showEnvVarsInLog = 0;
		};
		B5A5D9A53E51F8A345E034C5 /* [CP] Embed Pods Frameworks */ = {
			isa = PBXShellScriptBuildPhase;
			buildActionMask = 2147483647;
			files = (
			);
			inputFileListPaths = (
				"${PODS_ROOT}/Target Support Files/Pods-test/Pods-test-frameworks-${CONFIGURATION}-input-files.xcfilelist",
			);
			name = "[CP] Embed Pods Frameworks";
			outputFileListPaths = (
				"${PODS_ROOT}/Target Support Files/Pods-test/Pods-test-frameworks-${CONFIGURATION}-output-files.xcfilelist",
			);
			runOnlyForDeploymentPostprocessing = 0;
			shellPath = /bin/sh;
			shellScript = "\"${PODS_ROOT}/Target Support Files/Pods-test/Pods-test-frameworks.sh\"\n";
			showEnvVarsInLog = 0;
		};
/* End PBXShellScriptBuildPhase section */

/* Begin PBXSourcesBuildPhase section */
		8972649E24EE807A00E32855 /* Sources */ = {
			isa = PBXSourcesBuildPhase;
			buildActionMask = 2147483647;
			files = (
				897264AA24EE807A00E32855 /* ViewController.swift in Sources */,
				897264A624EE807A00E32855 /* AppDelegate.swift in Sources */,
				897264A824EE807A00E32855 /* SceneDelegate.swift in Sources */,
			);
			runOnlyForDeploymentPostprocessing = 0;
		};
		897264B424EE808900E32855 /* Sources */ = {
			isa = PBXSourcesBuildPhase;
			buildActionMask = 2147483647;
			files = (
				897264BD24EE808900E32855 /* testTests.swift in Sources */,
			);
			runOnlyForDeploymentPostprocessing = 0;
		};
		897264BF24EE808900E32855 /* Sources */ = {
			isa = PBXSourcesBuildPhase;
			buildActionMask = 2147483647;
			files = (
				897264C824EE808900E32855 /* testUITests.swift in Sources */,
			);
			runOnlyForDeploymentPostprocessing = 0;
		};
/* End PBXSourcesBuildPhase section */

/* Begin PBXTargetDependency section */
		897264BA24EE808900E32855 /* PBXTargetDependency */ = {
			isa = PBXTargetDependency;
			target = 897264A124EE807A00E32855 /* test */;
			targetProxy = 897264B924EE808900E32855 /* PBXContainerItemProxy */;
		};
		897264C524EE808900E32855 /* PBXTargetDependency */ = {
			isa = PBXTargetDependency;
			target = 897264A124EE807A00E32855 /* test */;
			targetProxy = 897264C424EE808900E32855 /* PBXContainerItemProxy */;
		};
/* End PBXTargetDependency section */

/* Begin PBXVariantGroup section */
		897264AB24EE807A00E32855 /* Main.storyboard */ = {
			isa = PBXVariantGroup;
			children = (
				897264AC24EE807A00E32855 /* Base */,
			);
			name = Main.storyboard;
			sourceTree = "<group>";
		};
		897264B024EE808900E32855 /* LaunchScreen.storyboard */ = {
			isa = PBXVariantGroup;
			children = (
				897264B124EE808900E32855 /* Base */,
			);
			name = LaunchScreen.storyboard;
			sourceTree = "<group>";
		};
/* End PBXVariantGroup section */

/* Begin XCBuildConfiguration section */
		897264CA24EE808900E32855 /* Debug */ = {
			isa = XCBuildConfiguration;
			buildSettings = {
				ALWAYS_SEARCH_USER_PATHS = NO;
				CLANG_ANALYZER_NONNULL = YES;
				CLANG_ANALYZER_NUMBER_OBJECT_CONVERSION = YES_AGGRESSIVE;
				CLANG_CXX_LANGUAGE_STANDARD = "gnu++14";
				CLANG_CXX_LIBRARY = "libc++";
				CLANG_ENABLE_MODULES = YES;
				CLANG_ENABLE_OBJC_ARC = YES;
				CLANG_ENABLE_OBJC_WEAK = YES;
				CLANG_WARN_BLOCK_CAPTURE_AUTORELEASING = YES;
				CLANG_WARN_BOOL_CONVERSION = YES;
				CLANG_WARN_COMMA = YES;
				CLANG_WARN_CONSTANT_CONVERSION = YES;
				CLANG_WARN_DEPRECATED_OBJC_IMPLEMENTATIONS = YES;
				CLANG_WARN_DIRECT_OBJC_ISA_USAGE = YES_ERROR;
				CLANG_WARN_DOCUMENTATION_COMMENTS = YES;
				CLANG_WARN_EMPTY_BODY = YES;
				CLANG_WARN_ENUM_CONVERSION = YES;
				CLANG_WARN_INFINITE_RECURSION = YES;
				CLANG_WARN_INT_CONVERSION = YES;
				CLANG_WARN_NON_LITERAL_NULL_CONVERSION = YES;
				CLANG_WARN_OBJC_IMPLICIT_RETAIN_SELF = YES;
				CLANG_WARN_OBJC_LITERAL_CONVERSION = YES;
				CLANG_WARN_OBJC_ROOT_CLASS = YES_ERROR;
				CLANG_WARN_RANGE_LOOP_ANALYSIS = YES;
				CLANG_WARN_STRICT_PROTOTYPES = YES;
				CLANG_WARN_SUSPICIOUS_MOVE = YES;
				CLANG_WARN_UNGUARDED_AVAILABILITY = YES_AGGRESSIVE;
				CLANG_WARN_UNREACHABLE_CODE = YES;
				CLANG_WARN__DUPLICATE_METHOD_MATCH = YES;
				COPY_PHASE_STRIP = NO;
				DEBUG_INFORMATION_FORMAT = dwarf;
				ENABLE_STRICT_OBJC_MSGSEND = YES;
				ENABLE_TESTABILITY = YES;
				GCC_C_LANGUAGE_STANDARD = gnu11;
				GCC_DYNAMIC_NO_PIC = NO;
				GCC_NO_COMMON_BLOCKS = YES;
				GCC_OPTIMIZATION_LEVEL = 0;
				GCC_PREPROCESSOR_DEFINITIONS = (
					"DEBUG=1",
					"$(inherited)",
				);
				GCC_WARN_64_TO_32_BIT_CONVERSION = YES;
				GCC_WARN_ABOUT_RETURN_TYPE = YES_ERROR;
				GCC_WARN_UNDECLARED_SELECTOR = YES;
				GCC_WARN_UNINITIALIZED_AUTOS = YES_AGGRESSIVE;
				GCC_WARN_UNUSED_FUNCTION = YES;
				GCC_WARN_UNUSED_VARIABLE = YES;
				IPHONEOS_DEPLOYMENT_TARGET = 13.5;
				MTL_ENABLE_DEBUG_INFO = INCLUDE_SOURCE;
				MTL_FAST_MATH = YES;
				ONLY_ACTIVE_ARCH = YES;
				SDKROOT = iphoneos;
				SWIFT_ACTIVE_COMPILATION_CONDITIONS = DEBUG;
				SWIFT_OPTIMIZATION_LEVEL = "-Onone";
			};
			name = Debug;
		};
		897264CB24EE808900E32855 /* Release */ = {
			isa = XCBuildConfiguration;
			buildSettings = {
				ALWAYS_SEARCH_USER_PATHS = NO;
				CLANG_ANALYZER_NONNULL = YES;
				CLANG_ANALYZER_NUMBER_OBJECT_CONVERSION = YES_AGGRESSIVE;
				CLANG_CXX_LANGUAGE_STANDARD = "gnu++14";
				CLANG_CXX_LIBRARY = "libc++";
				CLANG_ENABLE_MODULES = YES;
				CLANG_ENABLE_OBJC_ARC = YES;
				CLANG_ENABLE_OBJC_WEAK = YES;
				CLANG_WARN_BLOCK_CAPTURE_AUTORELEASING = YES;
				CLANG_WARN_BOOL_CONVERSION = YES;
				CLANG_WARN_COMMA = YES;
				CLANG_WARN_CONSTANT_CONVERSION = YES;
				CLANG_WARN_DEPRECATED_OBJC_IMPLEMENTATIONS = YES;
				CLANG_WARN_DIRECT_OBJC_ISA_USAGE = YES_ERROR;
				CLANG_WARN_DOCUMENTATION_COMMENTS = YES;
				CLANG_WARN_EMPTY_BODY = YES;
				CLANG_WARN_ENUM_CONVERSION = YES;
				CLANG_WARN_INFINITE_RECURSION = YES;
				CLANG_WARN_INT_CONVERSION = YES;
				CLANG_WARN_NON_LITERAL_NULL_CONVERSION = YES;
				CLANG_WARN_OBJC_IMPLICIT_RETAIN_SELF = YES;
				CLANG_WARN_OBJC_LITERAL_CONVERSION = YES;
				CLANG_WARN_OBJC_ROOT_CLASS = YES_ERROR;
				CLANG_WARN_RANGE_LOOP_ANALYSIS = YES;
				CLANG_WARN_STRICT_PROTOTYPES = YES;
				CLANG_WARN_SUSPICIOUS_MOVE = YES;
				CLANG_WARN_UNGUARDED_AVAILABILITY = YES_AGGRESSIVE;
				CLANG_WARN_UNREACHABLE_CODE = YES;
				CLANG_WARN__DUPLICATE_METHOD_MATCH = YES;
				COPY_PHASE_STRIP = NO;
				DEBUG_INFORMATION_FORMAT = "dwarf-with-dsym";
				ENABLE_NS_ASSERTIONS = NO;
				ENABLE_STRICT_OBJC_MSGSEND = YES;
				GCC_C_LANGUAGE_STANDARD = gnu11;
				GCC_NO_COMMON_BLOCKS = YES;
				GCC_WARN_64_TO_32_BIT_CONVERSION = YES;
				GCC_WARN_ABOUT_RETURN_TYPE = YES_ERROR;
				GCC_WARN_UNDECLARED_SELECTOR = YES;
				GCC_WARN_UNINITIALIZED_AUTOS = YES_AGGRESSIVE;
				GCC_WARN_UNUSED_FUNCTION = YES;
				GCC_WARN_UNUSED_VARIABLE = YES;
				IPHONEOS_DEPLOYMENT_TARGET = 13.5;
				MTL_ENABLE_DEBUG_INFO = NO;
				MTL_FAST_MATH = YES;
				SDKROOT = iphoneos;
				SWIFT_COMPILATION_MODE = wholemodule;
				SWIFT_OPTIMIZATION_LEVEL = "-O";
				VALIDATE_PRODUCT = YES;
			};
			name = Release;
		};
		897264CD24EE808900E32855 /* Debug */ = {
			isa = XCBuildConfiguration;
			baseConfigurationReference = C56FD1F8510DFF56623F8C4D /* Pods-test.debug.xcconfig */;
			buildSettings = {
				ASSETCATALOG_COMPILER_APPICON_NAME = AppIcon;
				CODE_SIGN_STYLE = Automatic;
				DEVELOPMENT_TEAM = 9H5647C7NK;
				INFOPLIST_FILE = test/Info.plist;
				LD_RUNPATH_SEARCH_PATHS = (
					"$(inherited)",
					"@executable_path/Frameworks",
				);
				PRODUCT_BUNDLE_IDENTIFIER = com.zenness.demo.test;
				PRODUCT_NAME = "$(TARGET_NAME)";
				SWIFT_VERSION = 5.0;
				TARGETED_DEVICE_FAMILY = "1,2";
			};
			name = Debug;
		};
		897264CE24EE808900E32855 /* Release */ = {
			isa = XCBuildConfiguration;
			baseConfigurationReference = B5464BA4015CC8F60CE0C09F /* Pods-test.release.xcconfig */;
			buildSettings = {
				ASSETCATALOG_COMPILER_APPICON_NAME = AppIcon;
				CODE_SIGN_STYLE = Automatic;
				DEVELOPMENT_TEAM = 9H5647C7NK;
				INFOPLIST_FILE = test/Info.plist;
				LD_RUNPATH_SEARCH_PATHS = (
					"$(inherited)",
					"@executable_path/Frameworks",
				);
				PRODUCT_BUNDLE_IDENTIFIER = com.zenness.demo.test;
				PRODUCT_NAME = "$(TARGET_NAME)";
				SWIFT_VERSION = 5.0;
				TARGETED_DEVICE_FAMILY = "1,2";
			};
			name = Release;
		};
		897264D024EE808900E32855 /* Debug */ = {
			isa = XCBuildConfiguration;
			baseConfigurationReference = 23966E3B0ED14C0D7DC8CACC /* Pods-testTests.debug.xcconfig */;
			buildSettings = {
				ALWAYS_EMBED_SWIFT_STANDARD_LIBRARIES = YES;
				BUNDLE_LOADER = "$(TEST_HOST)";
				CODE_SIGN_STYLE = Automatic;
				DEVELOPMENT_TEAM = 9H5647C7NK;
				INFOPLIST_FILE = testTests/Info.plist;
				IPHONEOS_DEPLOYMENT_TARGET = 13.5;
				LD_RUNPATH_SEARCH_PATHS = (
					"$(inherited)",
					"@executable_path/Frameworks",
					"@loader_path/Frameworks",
				);
				PRODUCT_BUNDLE_IDENTIFIER = com.zenness.demo.testTests;
				PRODUCT_NAME = "$(TARGET_NAME)";
				SWIFT_VERSION = 5.0;
				TARGETED_DEVICE_FAMILY = "1,2";
				TEST_HOST = "$(BUILT_PRODUCTS_DIR)/test.app/test";
			};
			name = Debug;
		};
		897264D124EE808900E32855 /* Release */ = {
			isa = XCBuildConfiguration;
			baseConfigurationReference = 331CB4E296B8C8D9D71C4E84 /* Pods-testTests.release.xcconfig */;
			buildSettings = {
				ALWAYS_EMBED_SWIFT_STANDARD_LIBRARIES = YES;
				BUNDLE_LOADER = "$(TEST_HOST)";
				CODE_SIGN_STYLE = Automatic;
				DEVELOPMENT_TEAM = 9H5647C7NK;
				INFOPLIST_FILE = testTests/Info.plist;
				IPHONEOS_DEPLOYMENT_TARGET = 13.5;
				LD_RUNPATH_SEARCH_PATHS = (
					"$(inherited)",
					"@executable_path/Frameworks",
					"@loader_path/Frameworks",
				);
				PRODUCT_BUNDLE_IDENTIFIER = com.zenness.demo.testTests;
				PRODUCT_NAME = "$(TARGET_NAME)";
				SWIFT_VERSION = 5.0;
				TARGETED_DEVICE_FAMILY = "1,2";
				TEST_HOST = "$(BUILT_PRODUCTS_DIR)/test.app/test";
			};
			name = Release;
		};
		897264D324EE808900E32855 /* Debug */ = {
			isa = XCBuildConfiguration;
			baseConfigurationReference = 735C603B4F7DEF419F1861FE /* Pods-test-testUITests.debug.xcconfig */;
			buildSettings = {
				ALWAYS_EMBED_SWIFT_STANDARD_LIBRARIES = YES;
				CODE_SIGN_STYLE = Automatic;
				DEVELOPMENT_TEAM = 9H5647C7NK;
				INFOPLIST_FILE = testUITests/Info.plist;
				LD_RUNPATH_SEARCH_PATHS = (
					"$(inherited)",
					"@executable_path/Frameworks",
					"@loader_path/Frameworks",
				);
				PRODUCT_BUNDLE_IDENTIFIER = com.zenness.demo.testUITests;
				PRODUCT_NAME = "$(TARGET_NAME)";
				SWIFT_VERSION = 5.0;
				TARGETED_DEVICE_FAMILY = "1,2";
				TEST_TARGET_NAME = test;
			};
			name = Debug;
		};
		897264D424EE808900E32855 /* Release */ = {
			isa = XCBuildConfiguration;
			baseConfigurationReference = 43B60B63CC286468D64F7623 /* Pods-test-testUITests.release.xcconfig */;
			buildSettings = {
				ALWAYS_EMBED_SWIFT_STANDARD_LIBRARIES = YES;
				CODE_SIGN_STYLE = Automatic;
				DEVELOPMENT_TEAM = 9H5647C7NK;
				INFOPLIST_FILE = testUITests/Info.plist;
				LD_RUNPATH_SEARCH_PATHS = (
					"$(inherited)",
					"@executable_path/Frameworks",
					"@loader_path/Frameworks",
				);
				PRODUCT_BUNDLE_IDENTIFIER = com.zenness.demo.testUITests;
				PRODUCT_NAME = "$(TARGET_NAME)";
				SWIFT_VERSION = 5.0;
				TARGETED_DEVICE_FAMILY = "1,2";
				TEST_TARGET_NAME = test;
			};
			name = Release;
		};
/* End XCBuildConfiguration section */

/* Begin XCConfigurationList section */
		8972649D24EE807A00E32855 /* Build configuration list for PBXProject "test" */ = {
			isa = XCConfigurationList;
			buildConfigurations = (
				897264CA24EE808900E32855 /* Debug */,
				897264CB24EE808900E32855 /* Release */,
			);
			defaultConfigurationIsVisible = 0;
			defaultConfigurationName = Release;
		};
		897264CC24EE808900E32855 /* Build configuration list for PBXNativeTarget "test" */ = {
			isa = XCConfigurationList;
			buildConfigurations = (
				897264CD24EE808900E32855 /* Debug */,
				897264CE24EE808900E32855 /* Release */,
			);
			defaultConfigurationIsVisible = 0;
			defaultConfigurationName = Release;
		};
		897264CF24EE808900E32855 /* Build configuration list for PBXNativeTarget "testTests" */ = {
			isa = XCConfigurationList;
			buildConfigurations = (
				897264D024EE808900E32855 /* Debug */,
				897264D124EE808900E32855 /* Release */,
			);
			defaultConfigurationIsVisible = 0;
			defaultConfigurationName = Release;
		};
		897264D224EE808900E32855 /* Build configuration list for PBXNativeTarget "testUITests" */ = {
			isa = XCConfigurationList;
			buildConfigurations = (
				897264D324EE808900E32855 /* Debug */,
				897264D424EE808900E32855 /* Release */,
			);
			defaultConfigurationIsVisible = 0;
			defaultConfigurationName = Release;
		};
/* End XCConfigurationList section */
	};
	rootObject = 8972649A24EE807A00E32855 /* Project object */;
}
